
Microsoft Visual Studio Solution File, Format Version 12.00
# Visual Studio Version 16
VisualStudioVersion = 16.0.29613.14
MinimumVisualStudioVersion = 10.0.40219.1
Project("{FAE04EC0-301F-11D3-BF4B-00C04F79EFBC}") = "Session_1", "Session_1\Session_1.csproj", "{7BE2D099-0540-43C2-80B5-6C75018EE3C0}"
EndProject
Project("{FAE04EC0-301F-11D3-BF4B-00C04F79EFBC}") = "Session_2", "Session_2\Session_2.csproj", "{A71B9B80-A6C3-4917-BC43-1504248C2532}"
EndProject
Global
	GlobalSection(SolutionConfigurationPlatforms) = preSolution
		Debug|Any CPU = Debug|Any CPU
		Release|Any CPU = Release|Any CPU
	EndGlobalSection
	GlobalSection(ProjectConfigurationPlatforms) = postSolution
		{7BE2D099-0540-43C2-80B5-6C75018EE3C0}.Debug|Any CPU.ActiveCfg = Debug|Any CPU
		{7BE2D099-0540-43C2-80B5-6C75018EE3C0}.Debug|Any CPU.Build.0 = Debug|Any CPU
		{7BE2D099-0540-43C2-80B5-6C75018EE3C0}.Release|Any CPU.ActiveCfg = Release|Any CPU
		{7BE2D099-0540-43C2-80B5-6C75018EE3C0}.Release|Any CPU.Build.0 = Release|Any CPU
		{A71B9B80-A6C3-4917-BC43-1504248C2532}.Debug|Any CPU.ActiveCfg = Debug|Any CPU
		{A71B9B80-A6C3-4917-BC43-1504248C2532}.Debug|Any CPU.Build.0 = Debug|Any CPU
		{A71B9B80-A6C3-4917-BC43-1504248C2532}.Release|Any CPU.ActiveCfg = Release|Any CPU
		{A71B9B80-A6C3-4917-BC43-1504248C2532}.Release|Any CPU.Build.0 = Release|Any CPU
	EndGlobalSection
	GlobalSection(SolutionProperties) = preSolution
		HideSolutionNode = FALSE
	EndGlobalSection
	GlobalSection(ExtensibilityGlobals) = postSolution
		SolutionGuid = {2EFD69F4-B0C1-4467-A6EC-46F2E5B3CD58}
	EndGlobalSection
EndGlobal
